// !$*UTF8*$!
{
	archiveVersion = 1;
	classes = {
	};
	objectVersion = 55;
	objects = {

/* Begin PBXBuildFile section */
		3F3BC4BE28673823009BFAD7 /* KeychainTestView.swift in Sources */ = {isa = PBXBuildFile; fileRef = 3F3BC4BD28673823009BFAD7 /* KeychainTestView.swift */; };
		3F3BC4C028673F40009BFAD7 /* KeychainServiceError.swift in Sources */ = {isa = PBXBuildFile; fileRef = 3F3BC4BF28673F40009BFAD7 /* KeychainServiceError.swift */; };
		3F4FF08728DA6B770038A8D0 /* AdminPanelView.swift in Sources */ = {isa = PBXBuildFile; fileRef = 3F4FF08628DA6B770038A8D0 /* AdminPanelView.swift */; };
		3F537B5E28703969002D70CC /* FormValidatorService.swift in Sources */ = {isa = PBXBuildFile; fileRef = 3F537B5D28703969002D70CC /* FormValidatorService.swift */; };
		3F537B6028703A7C002D70CC /* FormValidatorServiceTests.swift in Sources */ = {isa = PBXBuildFile; fileRef = 3F537B5F28703A7C002D70CC /* FormValidatorServiceTests.swift */; };
		3F537B63287044E6002D70CC /* RegularExpressionFactory.swift in Sources */ = {isa = PBXBuildFile; fileRef = 3F537B62287044E6002D70CC /* RegularExpressionFactory.swift */; };
		3F537B6828705A25002D70CC /* Localizable.strings in Resources */ = {isa = PBXBuildFile; fileRef = 3F537B6A28705A25002D70CC /* Localizable.strings */; };
		3F537B6D28705A8D002D70CC /* Strings.swift in Sources */ = {isa = PBXBuildFile; fileRef = 3F537B6C28705A8D002D70CC /* Strings.swift */; };
		3F537B6F28705BBC002D70CC /* Strings+Localizable.swift in Sources */ = {isa = PBXBuildFile; fileRef = 3F537B6E28705BBC002D70CC /* Strings+Localizable.swift */; };
		3F537B78287069DF002D70CC /* UserService.swift in Sources */ = {isa = PBXBuildFile; fileRef = 3F537B77287069DF002D70CC /* UserService.swift */; };
		3F537B7B28706A08002D70CC /* User.swift in Sources */ = {isa = PBXBuildFile; fileRef = 3F537B7A28706A08002D70CC /* User.swift */; };
		3F537B7D28706A1B002D70CC /* UserServiceError.swift in Sources */ = {isa = PBXBuildFile; fileRef = 3F537B7C28706A1B002D70CC /* UserServiceError.swift */; };
		3F537B8228706AC4002D70CC /* AccountViewModel.swift in Sources */ = {isa = PBXBuildFile; fileRef = 3F537B8128706AC4002D70CC /* AccountViewModel.swift */; };
		3F537B8428706DC7002D70CC /* ActivitiesTabView.swift in Sources */ = {isa = PBXBuildFile; fileRef = 3F537B8328706DC7002D70CC /* ActivitiesTabView.swift */; };
		3F578F9A28672AC100B43AA9 /* KeychainService.swift in Sources */ = {isa = PBXBuildFile; fileRef = 3F578F9928672AC100B43AA9 /* KeychainService.swift */; };
		3F5AFC91271D991F0021C0DF /* CustomTextField.swift in Sources */ = {isa = PBXBuildFile; fileRef = 3F5AFC90271D991F0021C0DF /* CustomTextField.swift */; };
		3F5AFC93271EE1E00021C0DF /* TextButton.swift in Sources */ = {isa = PBXBuildFile; fileRef = 3F5AFC92271EE1E00021C0DF /* TextButton.swift */; };
		3F6379882774417A00273450 /* TabViewSlides.swift in Sources */ = {isa = PBXBuildFile; fileRef = 3F6379872774417A00273450 /* TabViewSlides.swift */; };
		3F7ADC6F27C2756500E4712C /* QuestionnaireRequestBody.swift in Sources */ = {isa = PBXBuildFile; fileRef = 3F7ADC6E27C2756500E4712C /* QuestionnaireRequestBody.swift */; };
		3F7ADC7127C2758700E4712C /* QuestionnaireResponse.swift in Sources */ = {isa = PBXBuildFile; fileRef = 3F7ADC7027C2758700E4712C /* QuestionnaireResponse.swift */; };
		3F7ADC7327C275DC00E4712C /* FormTextFieldViewModel.swift in Sources */ = {isa = PBXBuildFile; fileRef = 3F7ADC7227C275DC00E4712C /* FormTextFieldViewModel.swift */; };
		3F7ADC7527C275F700E4712C /* QuestionnaireViewModel.swift in Sources */ = {isa = PBXBuildFile; fileRef = 3F7ADC7427C275F700E4712C /* QuestionnaireViewModel.swift */; };
		3F7ADC7727C2763700E4712C /* QuestionnairesContainerViewModel.swift in Sources */ = {isa = PBXBuildFile; fileRef = 3F7ADC7627C2763700E4712C /* QuestionnairesContainerViewModel.swift */; };
		3F8101B228A7268900257299 /* AccountTabListFieldView.swift in Sources */ = {isa = PBXBuildFile; fileRef = 3F8101B128A7268900257299 /* AccountTabListFieldView.swift */; };
		3F8101B428A72C5100257299 /* DatePickerView.swift in Sources */ = {isa = PBXBuildFile; fileRef = 3F8101B328A72C5100257299 /* DatePickerView.swift */; };
		3F8DEB6D27A32B8B00436BD2 /* ZeroChomageWebShared in Frameworks */ = {isa = PBXBuildFile; productRef = 3F8DEB6C27A32B8B00436BD2 /* ZeroChomageWebShared */; };
		3F8DEB6F27A32BBF00436BD2 /* NetworkManager.swift in Sources */ = {isa = PBXBuildFile; fileRef = 3F8DEB6E27A32BBF00436BD2 /* NetworkManager.swift */; };
		3FA1E5F728CFCC76005A1BB3 /* CreateNewsArticleRequestBody.swift in Sources */ = {isa = PBXBuildFile; fileRef = 3FA1E5F628CFCC76005A1BB3 /* CreateNewsArticleRequestBody.swift */; };
		3FA5FAA2272A096100713EA8 /* RoundedButtonView.swift in Sources */ = {isa = PBXBuildFile; fileRef = 3FA5FAA1272A096000713EA8 /* RoundedButtonView.swift */; };
		3FAE886C2720B89A003EE8BD /* Gilroy-ExtraBold.otf in Resources */ = {isa = PBXBuildFile; fileRef = 3FAE886A2720B89A003EE8BD /* Gilroy-ExtraBold.otf */; };
		3FAE886D2720B89A003EE8BD /* Gilroy-Light.otf in Resources */ = {isa = PBXBuildFile; fileRef = 3FAE886B2720B89A003EE8BD /* Gilroy-Light.otf */; };
		3FAE886F2720BA0D003EE8BD /* Gilroy-Semibold.ttf in Resources */ = {isa = PBXBuildFile; fileRef = 3FAE886E2720BA0D003EE8BD /* Gilroy-Semibold.ttf */; };
		3FAE88712720CF7A003EE8BD /* Gilroy-Medium.ttf in Resources */ = {isa = PBXBuildFile; fileRef = 3FAE88702720CF7A003EE8BD /* Gilroy-Medium.ttf */; };
		3FAE8873272193FD003EE8BD /* MainView.swift in Sources */ = {isa = PBXBuildFile; fileRef = 3FAE8872272193FD003EE8BD /* MainView.swift */; };
		3FAE8875272197AD003EE8BD /* ResetPasswordView.swift in Sources */ = {isa = PBXBuildFile; fileRef = 3FAE8874272197AD003EE8BD /* ResetPasswordView.swift */; };
		3FAE8877272197CE003EE8BD /* CreateAccountView.swift in Sources */ = {isa = PBXBuildFile; fileRef = 3FAE8876272197CE003EE8BD /* CreateAccountView.swift */; };
		3FBE7A0927B3177700D29FAA /* QuestionnaireView.swift in Sources */ = {isa = PBXBuildFile; fileRef = 3FBE7A0827B3177700D29FAA /* QuestionnaireView.swift */; };
		3FBE7A0B27B320D900D29FAA /* CustomSecureTextField.swift in Sources */ = {isa = PBXBuildFile; fileRef = 3FBE7A0A27B320D900D29FAA /* CustomSecureTextField.swift */; };
		3FBE7A0D27B46DDE00D29FAA /* AccountTabView.swift in Sources */ = {isa = PBXBuildFile; fileRef = 3FBE7A0C27B46DDE00D29FAA /* AccountTabView.swift */; };
		3FCA86962713630F00275A66 /* ZeroChomageIESApp.swift in Sources */ = {isa = PBXBuildFile; fileRef = 3FCA86952713630F00275A66 /* ZeroChomageIESApp.swift */; };
		3FCA86982713630F00275A66 /* OnboardingView.swift in Sources */ = {isa = PBXBuildFile; fileRef = 3FCA86972713630F00275A66 /* OnboardingView.swift */; };
		3FCA869A2713631000275A66 /* Assets.xcassets in Resources */ = {isa = PBXBuildFile; fileRef = 3FCA86992713631000275A66 /* Assets.xcassets */; };
		3FCA869D2713631000275A66 /* Preview Assets.xcassets in Resources */ = {isa = PBXBuildFile; fileRef = 3FCA869C2713631000275A66 /* Preview Assets.xcassets */; };
		3FCA86AC2713631100275A66 /* ZeroChomageIESTests.swift in Sources */ = {isa = PBXBuildFile; fileRef = 3FCA86AB2713631100275A66 /* ZeroChomageIESTests.swift */; };
		3FCA86B62713631100275A66 /* ZeroChomageIESUITests.swift in Sources */ = {isa = PBXBuildFile; fileRef = 3FCA86B52713631100275A66 /* ZeroChomageIESUITests.swift */; };
		3FCA86B82713631100275A66 /* ZeroChomageIESUITestsLaunchTests.swift in Sources */ = {isa = PBXBuildFile; fileRef = 3FCA86B72713631100275A66 /* ZeroChomageIESUITestsLaunchTests.swift */; };
		3FCA86CE271367C200275A66 /* Ubuntu-Medium.ttf in Resources */ = {isa = PBXBuildFile; fileRef = 3FCA86C5271367C200275A66 /* Ubuntu-Medium.ttf */; };
		3FCA86CF271367C200275A66 /* Ubuntu-LightItalic.ttf in Resources */ = {isa = PBXBuildFile; fileRef = 3FCA86C6271367C200275A66 /* Ubuntu-LightItalic.ttf */; };
		3FCA86D0271367C200275A66 /* Ubuntu-Regular.ttf in Resources */ = {isa = PBXBuildFile; fileRef = 3FCA86C7271367C200275A66 /* Ubuntu-Regular.ttf */; };
		3FCA86D1271367C200275A66 /* Ubuntu-Bold.ttf in Resources */ = {isa = PBXBuildFile; fileRef = 3FCA86C8271367C200275A66 /* Ubuntu-Bold.ttf */; };
		3FCA86D2271367C200275A66 /* Ubuntu-MediumItalic.ttf in Resources */ = {isa = PBXBuildFile; fileRef = 3FCA86C9271367C200275A66 /* Ubuntu-MediumItalic.ttf */; };
		3FCA86D3271367C200275A66 /* Ubuntu-BoldItalic.ttf in Resources */ = {isa = PBXBuildFile; fileRef = 3FCA86CA271367C200275A66 /* Ubuntu-BoldItalic.ttf */; };
		3FCA86D4271367C200275A66 /* Ubuntu-Italic.ttf in Resources */ = {isa = PBXBuildFile; fileRef = 3FCA86CB271367C200275A66 /* Ubuntu-Italic.ttf */; };
		3FCA86D5271367C200275A66 /* Ubuntu-Light.ttf in Resources */ = {isa = PBXBuildFile; fileRef = 3FCA86CC271367C200275A66 /* Ubuntu-Light.ttf */; };
		3FCA86D6271367C200275A66 /* UFL.txt in Resources */ = {isa = PBXBuildFile; fileRef = 3FCA86CD271367C200275A66 /* UFL.txt */; };
		3FCA86D927185CC200275A66 /* Color+Colors.swift in Sources */ = {isa = PBXBuildFile; fileRef = 3FCA86D827185CC200275A66 /* Color+Colors.swift */; };
		3FCA86DB27185D2500275A66 /* MainButton.swift in Sources */ = {isa = PBXBuildFile; fileRef = 3FCA86DA27185D2500275A66 /* MainButton.swift */; };
		3FCA86DD2718677900275A66 /* OnboardingViewModel.swift in Sources */ = {isa = PBXBuildFile; fileRef = 3FCA86DC2718677900275A66 /* OnboardingViewModel.swift */; };
		3FCA86DF2718679B00275A66 /* TabSlideViewModel.swift in Sources */ = {isa = PBXBuildFile; fileRef = 3FCA86DE2718679B00275A66 /* TabSlideViewModel.swift */; };
		3FCA86E227186CC900275A66 /* RootView.swift in Sources */ = {isa = PBXBuildFile; fileRef = 3FCA86E127186CC900275A66 /* RootView.swift */; };
		3FCA86E427186CDF00275A66 /* RootViewModel.swift in Sources */ = {isa = PBXBuildFile; fileRef = 3FCA86E327186CDF00275A66 /* RootViewModel.swift */; };
		3FCA86E627186FA800275A66 /* UserDefaultsManager.swift in Sources */ = {isa = PBXBuildFile; fileRef = 3FCA86E527186FA800275A66 /* UserDefaultsManager.swift */; };
		3FCA86E82718718800275A66 /* LoginView.swift in Sources */ = {isa = PBXBuildFile; fileRef = 3FCA86E72718718800275A66 /* LoginView.swift */; };
		3FD8BB8828C127F0000FB6D0 /* NewsListView.swift in Sources */ = {isa = PBXBuildFile; fileRef = 3FD8BB8728C127F0000FB6D0 /* NewsListView.swift */; };
		3FD8BB8A28C12F08000FB6D0 /* ArticleDetailsView.swift in Sources */ = {isa = PBXBuildFile; fileRef = 3FD8BB8928C12F08000FB6D0 /* ArticleDetailsView.swift */; };
		3FD8BB8C28C13996000FB6D0 /* CheckStatusView.swift in Sources */ = {isa = PBXBuildFile; fileRef = 3FD8BB8B28C13996000FB6D0 /* CheckStatusView.swift */; };
		3FD8BB8E28C41A5C000FB6D0 /* NewsListViewModel.swift in Sources */ = {isa = PBXBuildFile; fileRef = 3FD8BB8D28C41A5C000FB6D0 /* NewsListViewModel.swift */; };
		3FD8BB9028C41ADF000FB6D0 /* Article.swift in Sources */ = {isa = PBXBuildFile; fileRef = 3FD8BB8F28C41ADF000FB6D0 /* Article.swift */; };
		3FD8BB9228C41E54000FB6D0 /* UserInformationFieldViewModel.swift in Sources */ = {isa = PBXBuildFile; fileRef = 3FD8BB9128C41E54000FB6D0 /* UserInformationFieldViewModel.swift */; };
		3FD8BB9428C41E80000FB6D0 /* UserProfilInformation.swift in Sources */ = {isa = PBXBuildFile; fileRef = 3FD8BB9328C41E80000FB6D0 /* UserProfilInformation.swift */; };
		3FD8BB9628C41ED1000FB6D0 /* CheckStatusViewModel.swift in Sources */ = {isa = PBXBuildFile; fileRef = 3FD8BB9528C41ED1000FB6D0 /* CheckStatusViewModel.swift */; };
		3FD8BB9928C41F16000FB6D0 /* ApprovalStatus.swift in Sources */ = {isa = PBXBuildFile; fileRef = 3FD8BB9828C41F16000FB6D0 /* ApprovalStatus.swift */; };
		3FD8BB9B28C42006000FB6D0 /* ChomageCellView.swift in Sources */ = {isa = PBXBuildFile; fileRef = 3FD8BB9A28C42006000FB6D0 /* ChomageCellView.swift */; };
		3FD8BBBA28C54455000FB6D0 /* CreateArticleView.swift in Sources */ = {isa = PBXBuildFile; fileRef = 3FD8BBB928C54455000FB6D0 /* CreateArticleView.swift */; };
		3FD8BBBC28C6919D000FB6D0 /* ImportPhoto.swift in Sources */ = {isa = PBXBuildFile; fileRef = 3FD8BBBB28C6919D000FB6D0 /* ImportPhoto.swift */; };
		3FD8BBBE28C69254000FB6D0 /* ImagePickerView.swift in Sources */ = {isa = PBXBuildFile; fileRef = 3FD8BBBD28C69254000FB6D0 /* ImagePickerView.swift */; };
/* End PBXBuildFile section */

/* Begin PBXContainerItemProxy section */
		3FCA86A82713631000275A66 /* PBXContainerItemProxy */ = {
			isa = PBXContainerItemProxy;
			containerPortal = 3FCA868A2713630F00275A66 /* Project object */;
			proxyType = 1;
			remoteGlobalIDString = 3FCA86912713630F00275A66;
			remoteInfo = ZeroChomageIES;
		};
		3FCA86B22713631100275A66 /* PBXContainerItemProxy */ = {
			isa = PBXContainerItemProxy;
			containerPortal = 3FCA868A2713630F00275A66 /* Project object */;
			proxyType = 1;
			remoteGlobalIDString = 3FCA86912713630F00275A66;
			remoteInfo = ZeroChomageIES;
		};
/* End PBXContainerItemProxy section */

/* Begin PBXFileReference section */
		3F3BC4BD28673823009BFAD7 /* KeychainTestView.swift */ = {isa = PBXFileReference; lastKnownFileType = sourcecode.swift; path = KeychainTestView.swift; sourceTree = "<group>"; };
		3F3BC4BF28673F40009BFAD7 /* KeychainServiceError.swift */ = {isa = PBXFileReference; lastKnownFileType = sourcecode.swift; path = KeychainServiceError.swift; sourceTree = "<group>"; };
		3F4FF08628DA6B770038A8D0 /* AdminPanelView.swift */ = {isa = PBXFileReference; lastKnownFileType = sourcecode.swift; path = AdminPanelView.swift; sourceTree = "<group>"; };
		3F537B5D28703969002D70CC /* FormValidatorService.swift */ = {isa = PBXFileReference; lastKnownFileType = sourcecode.swift; path = FormValidatorService.swift; sourceTree = "<group>"; };
		3F537B5F28703A7C002D70CC /* FormValidatorServiceTests.swift */ = {isa = PBXFileReference; lastKnownFileType = sourcecode.swift; path = FormValidatorServiceTests.swift; sourceTree = "<group>"; };
		3F537B62287044E6002D70CC /* RegularExpressionFactory.swift */ = {isa = PBXFileReference; lastKnownFileType = sourcecode.swift; path = RegularExpressionFactory.swift; sourceTree = "<group>"; };
		3F537B6928705A25002D70CC /* en */ = {isa = PBXFileReference; lastKnownFileType = text.plist.strings; name = en; path = en.lproj/Localizable.strings; sourceTree = "<group>"; };
		3F537B6B28705A28002D70CC /* fr */ = {isa = PBXFileReference; lastKnownFileType = text.plist.strings; name = fr; path = fr.lproj/Localizable.strings; sourceTree = "<group>"; };
		3F537B6C28705A8D002D70CC /* Strings.swift */ = {isa = PBXFileReference; lastKnownFileType = sourcecode.swift; path = Strings.swift; sourceTree = "<group>"; };
		3F537B6E28705BBC002D70CC /* Strings+Localizable.swift */ = {isa = PBXFileReference; lastKnownFileType = sourcecode.swift; path = "Strings+Localizable.swift"; sourceTree = "<group>"; };
		3F537B77287069DF002D70CC /* UserService.swift */ = {isa = PBXFileReference; lastKnownFileType = sourcecode.swift; path = UserService.swift; sourceTree = "<group>"; };
		3F537B7A28706A08002D70CC /* User.swift */ = {isa = PBXFileReference; lastKnownFileType = sourcecode.swift; path = User.swift; sourceTree = "<group>"; };
		3F537B7C28706A1B002D70CC /* UserServiceError.swift */ = {isa = PBXFileReference; lastKnownFileType = sourcecode.swift; path = UserServiceError.swift; sourceTree = "<group>"; };
		3F537B8128706AC4002D70CC /* AccountViewModel.swift */ = {isa = PBXFileReference; lastKnownFileType = sourcecode.swift; path = AccountViewModel.swift; sourceTree = "<group>"; };
		3F537B8328706DC7002D70CC /* ActivitiesTabView.swift */ = {isa = PBXFileReference; lastKnownFileType = sourcecode.swift; path = ActivitiesTabView.swift; sourceTree = "<group>"; };
		3F578F9928672AC100B43AA9 /* KeychainService.swift */ = {isa = PBXFileReference; lastKnownFileType = sourcecode.swift; path = KeychainService.swift; sourceTree = "<group>"; };
		3F5AFC90271D991F0021C0DF /* CustomTextField.swift */ = {isa = PBXFileReference; lastKnownFileType = sourcecode.swift; path = CustomTextField.swift; sourceTree = "<group>"; };
		3F5AFC92271EE1E00021C0DF /* TextButton.swift */ = {isa = PBXFileReference; lastKnownFileType = sourcecode.swift; path = TextButton.swift; sourceTree = "<group>"; };
		3F6379872774417A00273450 /* TabViewSlides.swift */ = {isa = PBXFileReference; lastKnownFileType = sourcecode.swift; path = TabViewSlides.swift; sourceTree = "<group>"; };
		3F7ADC6E27C2756500E4712C /* QuestionnaireRequestBody.swift */ = {isa = PBXFileReference; lastKnownFileType = sourcecode.swift; path = QuestionnaireRequestBody.swift; sourceTree = "<group>"; };
		3F7ADC7027C2758700E4712C /* QuestionnaireResponse.swift */ = {isa = PBXFileReference; lastKnownFileType = sourcecode.swift; path = QuestionnaireResponse.swift; sourceTree = "<group>"; };
		3F7ADC7227C275DC00E4712C /* FormTextFieldViewModel.swift */ = {isa = PBXFileReference; lastKnownFileType = sourcecode.swift; path = FormTextFieldViewModel.swift; sourceTree = "<group>"; };
		3F7ADC7427C275F700E4712C /* QuestionnaireViewModel.swift */ = {isa = PBXFileReference; lastKnownFileType = sourcecode.swift; path = QuestionnaireViewModel.swift; sourceTree = "<group>"; };
		3F7ADC7627C2763700E4712C /* QuestionnairesContainerViewModel.swift */ = {isa = PBXFileReference; lastKnownFileType = sourcecode.swift; path = QuestionnairesContainerViewModel.swift; sourceTree = "<group>"; };
		3F8101B128A7268900257299 /* AccountTabListFieldView.swift */ = {isa = PBXFileReference; lastKnownFileType = sourcecode.swift; path = AccountTabListFieldView.swift; sourceTree = "<group>"; };
		3F8101B328A72C5100257299 /* DatePickerView.swift */ = {isa = PBXFileReference; lastKnownFileType = sourcecode.swift; path = DatePickerView.swift; sourceTree = "<group>"; };
		3F8DEB6E27A32BBF00436BD2 /* NetworkManager.swift */ = {isa = PBXFileReference; lastKnownFileType = sourcecode.swift; path = NetworkManager.swift; sourceTree = "<group>"; };
		3FA1E5F628CFCC76005A1BB3 /* CreateNewsArticleRequestBody.swift */ = {isa = PBXFileReference; lastKnownFileType = sourcecode.swift; path = CreateNewsArticleRequestBody.swift; sourceTree = "<group>"; };
		3FA5FAA1272A096000713EA8 /* RoundedButtonView.swift */ = {isa = PBXFileReference; lastKnownFileType = sourcecode.swift; path = RoundedButtonView.swift; sourceTree = "<group>"; };
		3FAE886A2720B89A003EE8BD /* Gilroy-ExtraBold.otf */ = {isa = PBXFileReference; lastKnownFileType = file; path = "Gilroy-ExtraBold.otf"; sourceTree = "<group>"; };
		3FAE886B2720B89A003EE8BD /* Gilroy-Light.otf */ = {isa = PBXFileReference; lastKnownFileType = file; path = "Gilroy-Light.otf"; sourceTree = "<group>"; };
		3FAE886E2720BA0D003EE8BD /* Gilroy-Semibold.ttf */ = {isa = PBXFileReference; lastKnownFileType = file; path = "Gilroy-Semibold.ttf"; sourceTree = "<group>"; };
		3FAE88702720CF7A003EE8BD /* Gilroy-Medium.ttf */ = {isa = PBXFileReference; lastKnownFileType = file; path = "Gilroy-Medium.ttf"; sourceTree = "<group>"; };
		3FAE8872272193FD003EE8BD /* MainView.swift */ = {isa = PBXFileReference; lastKnownFileType = sourcecode.swift; path = MainView.swift; sourceTree = "<group>"; };
		3FAE8874272197AD003EE8BD /* ResetPasswordView.swift */ = {isa = PBXFileReference; lastKnownFileType = sourcecode.swift; path = ResetPasswordView.swift; sourceTree = "<group>"; };
		3FAE8876272197CE003EE8BD /* CreateAccountView.swift */ = {isa = PBXFileReference; lastKnownFileType = sourcecode.swift; path = CreateAccountView.swift; sourceTree = "<group>"; };
		3FBE7A0827B3177700D29FAA /* QuestionnaireView.swift */ = {isa = PBXFileReference; lastKnownFileType = sourcecode.swift; path = QuestionnaireView.swift; sourceTree = "<group>"; };
		3FBE7A0A27B320D900D29FAA /* CustomSecureTextField.swift */ = {isa = PBXFileReference; lastKnownFileType = sourcecode.swift; path = CustomSecureTextField.swift; sourceTree = "<group>"; };
		3FBE7A0C27B46DDE00D29FAA /* AccountTabView.swift */ = {isa = PBXFileReference; lastKnownFileType = sourcecode.swift; path = AccountTabView.swift; sourceTree = "<group>"; };
		3FCA86922713630F00275A66 /* ZeroChomageIES.app */ = {isa = PBXFileReference; explicitFileType = wrapper.application; includeInIndex = 0; path = ZeroChomageIES.app; sourceTree = BUILT_PRODUCTS_DIR; };
		3FCA86952713630F00275A66 /* ZeroChomageIESApp.swift */ = {isa = PBXFileReference; lastKnownFileType = sourcecode.swift; path = ZeroChomageIESApp.swift; sourceTree = "<group>"; };
		3FCA86972713630F00275A66 /* OnboardingView.swift */ = {isa = PBXFileReference; lastKnownFileType = sourcecode.swift; path = OnboardingView.swift; sourceTree = "<group>"; };
		3FCA86992713631000275A66 /* Assets.xcassets */ = {isa = PBXFileReference; lastKnownFileType = folder.assetcatalog; path = Assets.xcassets; sourceTree = "<group>"; };
		3FCA869C2713631000275A66 /* Preview Assets.xcassets */ = {isa = PBXFileReference; lastKnownFileType = folder.assetcatalog; path = "Preview Assets.xcassets"; sourceTree = "<group>"; };
		3FCA86A72713631000275A66 /* ZeroChomageIESTests.xctest */ = {isa = PBXFileReference; explicitFileType = wrapper.cfbundle; includeInIndex = 0; path = ZeroChomageIESTests.xctest; sourceTree = BUILT_PRODUCTS_DIR; };
		3FCA86AB2713631100275A66 /* ZeroChomageIESTests.swift */ = {isa = PBXFileReference; lastKnownFileType = sourcecode.swift; path = ZeroChomageIESTests.swift; sourceTree = "<group>"; };
		3FCA86B12713631100275A66 /* ZeroChomageIESUITests.xctest */ = {isa = PBXFileReference; explicitFileType = wrapper.cfbundle; includeInIndex = 0; path = ZeroChomageIESUITests.xctest; sourceTree = BUILT_PRODUCTS_DIR; };
		3FCA86B52713631100275A66 /* ZeroChomageIESUITests.swift */ = {isa = PBXFileReference; lastKnownFileType = sourcecode.swift; path = ZeroChomageIESUITests.swift; sourceTree = "<group>"; };
		3FCA86B72713631100275A66 /* ZeroChomageIESUITestsLaunchTests.swift */ = {isa = PBXFileReference; lastKnownFileType = sourcecode.swift; path = ZeroChomageIESUITestsLaunchTests.swift; sourceTree = "<group>"; };
		3FCA86C5271367C200275A66 /* Ubuntu-Medium.ttf */ = {isa = PBXFileReference; lastKnownFileType = file; path = "Ubuntu-Medium.ttf"; sourceTree = "<group>"; };
		3FCA86C6271367C200275A66 /* Ubuntu-LightItalic.ttf */ = {isa = PBXFileReference; lastKnownFileType = file; path = "Ubuntu-LightItalic.ttf"; sourceTree = "<group>"; };
		3FCA86C7271367C200275A66 /* Ubuntu-Regular.ttf */ = {isa = PBXFileReference; lastKnownFileType = file; path = "Ubuntu-Regular.ttf"; sourceTree = "<group>"; };
		3FCA86C8271367C200275A66 /* Ubuntu-Bold.ttf */ = {isa = PBXFileReference; lastKnownFileType = file; path = "Ubuntu-Bold.ttf"; sourceTree = "<group>"; };
		3FCA86C9271367C200275A66 /* Ubuntu-MediumItalic.ttf */ = {isa = PBXFileReference; lastKnownFileType = file; path = "Ubuntu-MediumItalic.ttf"; sourceTree = "<group>"; };
		3FCA86CA271367C200275A66 /* Ubuntu-BoldItalic.ttf */ = {isa = PBXFileReference; lastKnownFileType = file; path = "Ubuntu-BoldItalic.ttf"; sourceTree = "<group>"; };
		3FCA86CB271367C200275A66 /* Ubuntu-Italic.ttf */ = {isa = PBXFileReference; lastKnownFileType = file; path = "Ubuntu-Italic.ttf"; sourceTree = "<group>"; };
		3FCA86CC271367C200275A66 /* Ubuntu-Light.ttf */ = {isa = PBXFileReference; lastKnownFileType = file; path = "Ubuntu-Light.ttf"; sourceTree = "<group>"; };
		3FCA86CD271367C200275A66 /* UFL.txt */ = {isa = PBXFileReference; fileEncoding = 4; lastKnownFileType = text; path = UFL.txt; sourceTree = "<group>"; };
		3FCA86D727144BE100275A66 /* Info.plist */ = {isa = PBXFileReference; lastKnownFileType = text.plist; path = Info.plist; sourceTree = "<group>"; };
		3FCA86D827185CC200275A66 /* Color+Colors.swift */ = {isa = PBXFileReference; lastKnownFileType = sourcecode.swift; path = "Color+Colors.swift"; sourceTree = "<group>"; };
		3FCA86DA27185D2500275A66 /* MainButton.swift */ = {isa = PBXFileReference; lastKnownFileType = sourcecode.swift; path = MainButton.swift; sourceTree = "<group>"; };
		3FCA86DC2718677900275A66 /* OnboardingViewModel.swift */ = {isa = PBXFileReference; lastKnownFileType = sourcecode.swift; path = OnboardingViewModel.swift; sourceTree = "<group>"; };
		3FCA86DE2718679B00275A66 /* TabSlideViewModel.swift */ = {isa = PBXFileReference; lastKnownFileType = sourcecode.swift; path = TabSlideViewModel.swift; sourceTree = "<group>"; };
		3FCA86E127186CC900275A66 /* RootView.swift */ = {isa = PBXFileReference; lastKnownFileType = sourcecode.swift; path = RootView.swift; sourceTree = "<group>"; };
		3FCA86E327186CDF00275A66 /* RootViewModel.swift */ = {isa = PBXFileReference; lastKnownFileType = sourcecode.swift; path = RootViewModel.swift; sourceTree = "<group>"; };
		3FCA86E527186FA800275A66 /* UserDefaultsManager.swift */ = {isa = PBXFileReference; lastKnownFileType = sourcecode.swift; path = UserDefaultsManager.swift; sourceTree = "<group>"; };
		3FCA86E72718718800275A66 /* LoginView.swift */ = {isa = PBXFileReference; lastKnownFileType = sourcecode.swift; path = LoginView.swift; sourceTree = "<group>"; };
		3FD8BB8728C127F0000FB6D0 /* NewsListView.swift */ = {isa = PBXFileReference; lastKnownFileType = sourcecode.swift; path = NewsListView.swift; sourceTree = "<group>"; };
		3FD8BB8928C12F08000FB6D0 /* ArticleDetailsView.swift */ = {isa = PBXFileReference; lastKnownFileType = sourcecode.swift; path = ArticleDetailsView.swift; sourceTree = "<group>"; };
		3FD8BB8B28C13996000FB6D0 /* CheckStatusView.swift */ = {isa = PBXFileReference; lastKnownFileType = sourcecode.swift; path = CheckStatusView.swift; sourceTree = "<group>"; };
		3FD8BB8D28C41A5C000FB6D0 /* NewsListViewModel.swift */ = {isa = PBXFileReference; lastKnownFileType = sourcecode.swift; path = NewsListViewModel.swift; sourceTree = "<group>"; };
		3FD8BB8F28C41ADF000FB6D0 /* Article.swift */ = {isa = PBXFileReference; lastKnownFileType = sourcecode.swift; path = Article.swift; sourceTree = "<group>"; };
		3FD8BB9128C41E54000FB6D0 /* UserInformationFieldViewModel.swift */ = {isa = PBXFileReference; lastKnownFileType = sourcecode.swift; path = UserInformationFieldViewModel.swift; sourceTree = "<group>"; };
		3FD8BB9328C41E80000FB6D0 /* UserProfilInformation.swift */ = {isa = PBXFileReference; lastKnownFileType = sourcecode.swift; path = UserProfilInformation.swift; sourceTree = "<group>"; };
		3FD8BB9528C41ED1000FB6D0 /* CheckStatusViewModel.swift */ = {isa = PBXFileReference; lastKnownFileType = sourcecode.swift; path = CheckStatusViewModel.swift; sourceTree = "<group>"; };
		3FD8BB9828C41F16000FB6D0 /* ApprovalStatus.swift */ = {isa = PBXFileReference; lastKnownFileType = sourcecode.swift; path = ApprovalStatus.swift; sourceTree = "<group>"; };
		3FD8BB9A28C42006000FB6D0 /* ChomageCellView.swift */ = {isa = PBXFileReference; lastKnownFileType = sourcecode.swift; path = ChomageCellView.swift; sourceTree = "<group>"; };
		3FD8BBB928C54455000FB6D0 /* CreateArticleView.swift */ = {isa = PBXFileReference; lastKnownFileType = sourcecode.swift; path = CreateArticleView.swift; sourceTree = "<group>"; };
		3FD8BBBB28C6919D000FB6D0 /* ImportPhoto.swift */ = {isa = PBXFileReference; lastKnownFileType = sourcecode.swift; path = ImportPhoto.swift; sourceTree = "<group>"; };
		3FD8BBBD28C69254000FB6D0 /* ImagePickerView.swift */ = {isa = PBXFileReference; lastKnownFileType = sourcecode.swift; path = ImagePickerView.swift; sourceTree = "<group>"; };
/* End PBXFileReference section */

/* Begin PBXFrameworksBuildPhase section */
		3FCA868F2713630F00275A66 /* Frameworks */ = {
			isa = PBXFrameworksBuildPhase;
			buildActionMask = 2147483647;
			files = (
				3F8DEB6D27A32B8B00436BD2 /* ZeroChomageWebShared in Frameworks */,
			);
			runOnlyForDeploymentPostprocessing = 0;
		};
		3FCA86A42713631000275A66 /* Frameworks */ = {
			isa = PBXFrameworksBuildPhase;
			buildActionMask = 2147483647;
			files = (
			);
			runOnlyForDeploymentPostprocessing = 0;
		};
		3FCA86AE2713631100275A66 /* Frameworks */ = {
			isa = PBXFrameworksBuildPhase;
			buildActionMask = 2147483647;
			files = (
			);
			runOnlyForDeploymentPostprocessing = 0;
		};
/* End PBXFrameworksBuildPhase section */

/* Begin PBXGroup section */
		3F3BC4C128673F61009BFAD7 /* KeychainService */ = {
			isa = PBXGroup;
			children = (
				3F578F9928672AC100B43AA9 /* KeychainService.swift */,
				3F3BC4BF28673F40009BFAD7 /* KeychainServiceError.swift */,
			);
			path = KeychainService;
			sourceTree = "<group>";
		};
		3F3BC4C2286A17D1009BFAD7 /* Model */ = {
			isa = PBXGroup;
			children = (
				3FD8BB9728C41F03000FB6D0 /* Enum */,
				3F537B79287069F0002D70CC /* DTOs */,
				3F537B76287069D0002D70CC /* UserService */,
				3F578F9828672A9800B43AA9 /* Storage */,
				3F537B61287044C6002D70CC /* FormValidatorService */,
				3F7ADC6E27C2756500E4712C /* QuestionnaireRequestBody.swift */,
				3F7ADC7027C2758700E4712C /* QuestionnaireResponse.swift */,
				3FA1E5F628CFCC76005A1BB3 /* CreateNewsArticleRequestBody.swift */,
			);
			path = Model;
			sourceTree = "<group>";
		};
		3F3BC4C3286A17E6009BFAD7 /* ViewModel */ = {
			isa = PBXGroup;
			children = (
				3FCA86E327186CDF00275A66 /* RootViewModel.swift */,
				3F537B8028706A5F002D70CC /* OnboardingSection */,
				3F537B7F28706A4C002D70CC /* MainSection */,
				3F537B7E28706A33002D70CC /* SharedSection */,
			);
			path = ViewModel;
			sourceTree = "<group>";
		};
		3F537B61287044C6002D70CC /* FormValidatorService */ = {
			isa = PBXGroup;
			children = (
				3F537B5D28703969002D70CC /* FormValidatorService.swift */,
				3F537B62287044E6002D70CC /* RegularExpressionFactory.swift */,
			);
			path = FormValidatorService;
			sourceTree = "<group>";
		};
		3F537B64287059FA002D70CC /* Resources */ = {
			isa = PBXGroup;
			children = (
				3F537B6528705A01002D70CC /* Strings */,
			);
			path = Resources;
			sourceTree = "<group>";
		};
		3F537B6528705A01002D70CC /* Strings */ = {
			isa = PBXGroup;
			children = (
				3F537B6A28705A25002D70CC /* Localizable.strings */,
				3F537B6C28705A8D002D70CC /* Strings.swift */,
				3F537B6E28705BBC002D70CC /* Strings+Localizable.swift */,
			);
			path = Strings;
			sourceTree = "<group>";
		};
		3F537B70287060E0002D70CC /* MainSection */ = {
			isa = PBXGroup;
			children = (
				3F8101B028A7265B00257299 /* Elements */,
				3FD264C62877619C0070FEB9 /* Questionnaire */,
				3FBE7A0C27B46DDE00D29FAA /* AccountTabView.swift */,
				3FAE8872272193FD003EE8BD /* MainView.swift */,
				3FD8BB8728C127F0000FB6D0 /* NewsListView.swift */,
				3F4FF08628DA6B770038A8D0 /* AdminPanelView.swift */,
				3FD8BB8928C12F08000FB6D0 /* ArticleDetailsView.swift */,
				3FD8BB8B28C13996000FB6D0 /* CheckStatusView.swift */,
				3FD8BBB928C54455000FB6D0 /* CreateArticleView.swift */,
			);
			path = MainSection;
			sourceTree = "<group>";
		};
		3F537B71287060E6002D70CC /* AuthenticationSection */ = {
			isa = PBXGroup;
			children = (
				3FCA86E72718718800275A66 /* LoginView.swift */,
				3FAE8874272197AD003EE8BD /* ResetPasswordView.swift */,
				3FAE8876272197CE003EE8BD /* CreateAccountView.swift */,
				3F3BC4BD28673823009BFAD7 /* KeychainTestView.swift */,
			);
			name = AuthenticationSection;
			sourceTree = "<group>";
		};
		3F537B72287060ED002D70CC /* OnboardingSection */ = {
			isa = PBXGroup;
			children = (
				3FCA86972713630F00275A66 /* OnboardingView.swift */,
				3F6379872774417A00273450 /* TabViewSlides.swift */,
			);
			path = OnboardingSection;
			sourceTree = "<group>";
		};
		3F537B7528706126002D70CC /* SharedSection */ = {
			isa = PBXGroup;
			children = (
				3F8101B128A7268900257299 /* AccountTabListFieldView.swift */,
				3FCA86DA27185D2500275A66 /* MainButton.swift */,
				3F5AFC92271EE1E00021C0DF /* TextButton.swift */,
				3FA5FAA1272A096000713EA8 /* RoundedButtonView.swift */,
				3F5AFC90271D991F0021C0DF /* CustomTextField.swift */,
				3FBE7A0A27B320D900D29FAA /* CustomSecureTextField.swift */,
				3F8101B328A72C5100257299 /* DatePickerView.swift */,
				3FD8BBBB28C6919D000FB6D0 /* ImportPhoto.swift */,
				3FD8BBBD28C69254000FB6D0 /* ImagePickerView.swift */,
			);
			path = SharedSection;
			sourceTree = "<group>";
		};
		3F537B76287069D0002D70CC /* UserService */ = {
			isa = PBXGroup;
			children = (
				3F537B77287069DF002D70CC /* UserService.swift */,
				3F537B7C28706A1B002D70CC /* UserServiceError.swift */,
			);
			path = UserService;
			sourceTree = "<group>";
		};
		3F537B79287069F0002D70CC /* DTOs */ = {
			isa = PBXGroup;
			children = (
				3F537B7A28706A08002D70CC /* User.swift */,
				3FD8BB8F28C41ADF000FB6D0 /* Article.swift */,
				3FD8BB9328C41E80000FB6D0 /* UserProfilInformation.swift */,
			);
			path = DTOs;
			sourceTree = "<group>";
		};
		3F537B7E28706A33002D70CC /* SharedSection */ = {
			isa = PBXGroup;
			children = (
				3F7ADC7227C275DC00E4712C /* FormTextFieldViewModel.swift */,
			);
			path = SharedSection;
			sourceTree = "<group>";
		};
		3F537B7F28706A4C002D70CC /* MainSection */ = {
			isa = PBXGroup;
			children = (
				3F7ADC7427C275F700E4712C /* QuestionnaireViewModel.swift */,
				3F7ADC7627C2763700E4712C /* QuestionnairesContainerViewModel.swift */,
				3F537B8128706AC4002D70CC /* AccountViewModel.swift */,
				3FD8BB8D28C41A5C000FB6D0 /* NewsListViewModel.swift */,
				3FD8BB9128C41E54000FB6D0 /* UserInformationFieldViewModel.swift */,
				3FD8BB9528C41ED1000FB6D0 /* CheckStatusViewModel.swift */,
			);
			path = MainSection;
			sourceTree = "<group>";
		};
		3F537B8028706A5F002D70CC /* OnboardingSection */ = {
			isa = PBXGroup;
			children = (
				3FCA86DE2718679B00275A66 /* TabSlideViewModel.swift */,
				3FCA86DC2718677900275A66 /* OnboardingViewModel.swift */,
			);
			path = OnboardingSection;
			sourceTree = "<group>";
		};
		3F578F9828672A9800B43AA9 /* Storage */ = {
			isa = PBXGroup;
			children = (
				3F3BC4C128673F61009BFAD7 /* KeychainService */,
				3FCA86E527186FA800275A66 /* UserDefaultsManager.swift */,
			);
			path = Storage;
			sourceTree = "<group>";
		};
		3F8101B028A7265B00257299 /* Elements */ = {
			isa = PBXGroup;
			children = (
				3FD8BB9A28C42006000FB6D0 /* ChomageCellView.swift */,
			);
			path = Elements;
			sourceTree = "<group>";
		};
		3FCA86892713630F00275A66 = {
			isa = PBXGroup;
			children = (
				3FCA86942713630F00275A66 /* ZeroChomageIES */,
				3FCA86AA2713631100275A66 /* ZeroChomageIESTests */,
				3FCA86B42713631100275A66 /* ZeroChomageIESUITests */,
				3FCA86932713630F00275A66 /* Products */,
			);
			sourceTree = "<group>";
		};
		3FCA86932713630F00275A66 /* Products */ = {
			isa = PBXGroup;
			children = (
				3FCA86922713630F00275A66 /* ZeroChomageIES.app */,
				3FCA86A72713631000275A66 /* ZeroChomageIESTests.xctest */,
				3FCA86B12713631100275A66 /* ZeroChomageIESUITests.xctest */,
			);
			name = Products;
			sourceTree = "<group>";
		};
		3FCA86942713630F00275A66 /* ZeroChomageIES */ = {
			isa = PBXGroup;
			children = (
				3F537B64287059FA002D70CC /* Resources */,
				3FCA86E02718681700275A66 /* Views */,
				3FCA86D727144BE100275A66 /* Info.plist */,
				3F3BC4C3286A17E6009BFAD7 /* ViewModel */,
				3FCA86952713630F00275A66 /* ZeroChomageIESApp.swift */,
				3F3BC4C2286A17D1009BFAD7 /* Model */,
				3FCA86992713631000275A66 /* Assets.xcassets */,
				3FCA86C4271367C200275A66 /* Fonts */,
				3FCA869B2713631000275A66 /* Preview Content */,
				3FCA86D827185CC200275A66 /* Color+Colors.swift */,
				3F8DEB6E27A32BBF00436BD2 /* NetworkManager.swift */,
			);
			path = ZeroChomageIES;
			sourceTree = "<group>";
		};
		3FCA869B2713631000275A66 /* Preview Content */ = {
			isa = PBXGroup;
			children = (
				3FCA869C2713631000275A66 /* Preview Assets.xcassets */,
			);
			path = "Preview Content";
			sourceTree = "<group>";
		};
		3FCA86AA2713631100275A66 /* ZeroChomageIESTests */ = {
			isa = PBXGroup;
			children = (
				3FCA86AB2713631100275A66 /* ZeroChomageIESTests.swift */,
				3F537B5F28703A7C002D70CC /* FormValidatorServiceTests.swift */,
			);
			path = ZeroChomageIESTests;
			sourceTree = "<group>";
		};
		3FCA86B42713631100275A66 /* ZeroChomageIESUITests */ = {
			isa = PBXGroup;
			children = (
				3FCA86B52713631100275A66 /* ZeroChomageIESUITests.swift */,
				3FCA86B72713631100275A66 /* ZeroChomageIESUITestsLaunchTests.swift */,
			);
			path = ZeroChomageIESUITests;
			sourceTree = "<group>";
		};
		3FCA86C4271367C200275A66 /* Fonts */ = {
			isa = PBXGroup;
			children = (
				3FCA86C5271367C200275A66 /* Ubuntu-Medium.ttf */,
				3FCA86C6271367C200275A66 /* Ubuntu-LightItalic.ttf */,
				3FCA86C7271367C200275A66 /* Ubuntu-Regular.ttf */,
				3FAE886A2720B89A003EE8BD /* Gilroy-ExtraBold.otf */,
				3FAE886B2720B89A003EE8BD /* Gilroy-Light.otf */,
				3FAE886E2720BA0D003EE8BD /* Gilroy-Semibold.ttf */,
				3FAE88702720CF7A003EE8BD /* Gilroy-Medium.ttf */,
				3FCA86C8271367C200275A66 /* Ubuntu-Bold.ttf */,
				3FCA86C9271367C200275A66 /* Ubuntu-MediumItalic.ttf */,
				3FCA86CA271367C200275A66 /* Ubuntu-BoldItalic.ttf */,
				3FCA86CB271367C200275A66 /* Ubuntu-Italic.ttf */,
				3FCA86CC271367C200275A66 /* Ubuntu-Light.ttf */,
				3FCA86CD271367C200275A66 /* UFL.txt */,
			);
			path = Fonts;
			sourceTree = "<group>";
		};
		3FCA86E02718681700275A66 /* Views */ = {
			isa = PBXGroup;
			children = (
				3FCA86E127186CC900275A66 /* RootView.swift */,
				3F537B7528706126002D70CC /* SharedSection */,
				3F537B72287060ED002D70CC /* OnboardingSection */,
				3F537B71287060E6002D70CC /* AuthenticationSection */,
				3F537B70287060E0002D70CC /* MainSection */,
			);
			path = Views;
			sourceTree = "<group>";
		};
		3FD264C62877619C0070FEB9 /* Questionnaire */ = {
			isa = PBXGroup;
			children = (
				3FBE7A0827B3177700D29FAA /* QuestionnaireView.swift */,
				3F537B8328706DC7002D70CC /* ActivitiesTabView.swift */,
			);
			path = Questionnaire;
			sourceTree = "<group>";
		};
		3FD8BB9728C41F03000FB6D0 /* Enum */ = {
			isa = PBXGroup;
			children = (
				3FD8BB9828C41F16000FB6D0 /* ApprovalStatus.swift */,
			);
			path = Enum;
			sourceTree = "<group>";
		};
/* End PBXGroup section */

/* Begin PBXNativeTarget section */
		3FCA86912713630F00275A66 /* ZeroChomageIES */ = {
			isa = PBXNativeTarget;
			buildConfigurationList = 3FCA86BB2713631100275A66 /* Build configuration list for PBXNativeTarget "ZeroChomageIES" */;
			buildPhases = (
				3FCA868E2713630F00275A66 /* Sources */,
				3FCA868F2713630F00275A66 /* Frameworks */,
				3FCA86902713630F00275A66 /* Resources */,
			);
			buildRules = (
			);
			dependencies = (
			);
			name = ZeroChomageIES;
			packageProductDependencies = (
				3F8DEB6C27A32B8B00436BD2 /* ZeroChomageWebShared */,
			);
			productName = ZeroChomageIES;
			productReference = 3FCA86922713630F00275A66 /* ZeroChomageIES.app */;
			productType = "com.apple.product-type.application";
		};
		3FCA86A62713631000275A66 /* ZeroChomageIESTests */ = {
			isa = PBXNativeTarget;
			buildConfigurationList = 3FCA86BE2713631100275A66 /* Build configuration list for PBXNativeTarget "ZeroChomageIESTests" */;
			buildPhases = (
				3FCA86A32713631000275A66 /* Sources */,
				3FCA86A42713631000275A66 /* Frameworks */,
				3FCA86A52713631000275A66 /* Resources */,
			);
			buildRules = (
			);
			dependencies = (
				3FCA86A92713631000275A66 /* PBXTargetDependency */,
			);
			name = ZeroChomageIESTests;
			productName = ZeroChomageIESTests;
			productReference = 3FCA86A72713631000275A66 /* ZeroChomageIESTests.xctest */;
			productType = "com.apple.product-type.bundle.unit-test";
		};
		3FCA86B02713631100275A66 /* ZeroChomageIESUITests */ = {
			isa = PBXNativeTarget;
			buildConfigurationList = 3FCA86C12713631100275A66 /* Build configuration list for PBXNativeTarget "ZeroChomageIESUITests" */;
			buildPhases = (
				3FCA86AD2713631100275A66 /* Sources */,
				3FCA86AE2713631100275A66 /* Frameworks */,
				3FCA86AF2713631100275A66 /* Resources */,
			);
			buildRules = (
			);
			dependencies = (
				3FCA86B32713631100275A66 /* PBXTargetDependency */,
			);
			name = ZeroChomageIESUITests;
			productName = ZeroChomageIESUITests;
			productReference = 3FCA86B12713631100275A66 /* ZeroChomageIESUITests.xctest */;
			productType = "com.apple.product-type.bundle.ui-testing";
		};
/* End PBXNativeTarget section */

/* Begin PBXProject section */
		3FCA868A2713630F00275A66 /* Project object */ = {
			isa = PBXProject;
			attributes = {
				BuildIndependentTargetsInParallel = 1;
				LastSwiftUpdateCheck = 1300;
				LastUpgradeCheck = 1300;
				TargetAttributes = {
					3FCA86912713630F00275A66 = {
						CreatedOnToolsVersion = 13.0;
					};
					3FCA86A62713631000275A66 = {
						CreatedOnToolsVersion = 13.0;
						TestTargetID = 3FCA86912713630F00275A66;
					};
					3FCA86B02713631100275A66 = {
						CreatedOnToolsVersion = 13.0;
						TestTargetID = 3FCA86912713630F00275A66;
					};
				};
			};
			buildConfigurationList = 3FCA868D2713630F00275A66 /* Build configuration list for PBXProject "ZeroChomageIES" */;
			compatibilityVersion = "Xcode 13.0";
			developmentRegion = en;
			hasScannedForEncodings = 0;
			knownRegions = (
				en,
				Base,
				fr,
			);
			mainGroup = 3FCA86892713630F00275A66;
			packageReferences = (
				3F8DEB6B27A32B8B00436BD2 /* XCRemoteSwiftPackageReference "ZeroChomageWebShared" */,
			);
			productRefGroup = 3FCA86932713630F00275A66 /* Products */;
			projectDirPath = "";
			projectRoot = "";
			targets = (
				3FCA86912713630F00275A66 /* ZeroChomageIES */,
				3FCA86A62713631000275A66 /* ZeroChomageIESTests */,
				3FCA86B02713631100275A66 /* ZeroChomageIESUITests */,
			);
		};
/* End PBXProject section */

/* Begin PBXResourcesBuildPhase section */
		3FCA86902713630F00275A66 /* Resources */ = {
			isa = PBXResourcesBuildPhase;
			buildActionMask = 2147483647;
			files = (
				3FCA86D3271367C200275A66 /* Ubuntu-BoldItalic.ttf in Resources */,
				3FCA86D2271367C200275A66 /* Ubuntu-MediumItalic.ttf in Resources */,
				3FCA86D5271367C200275A66 /* Ubuntu-Light.ttf in Resources */,
				3FCA86CF271367C200275A66 /* Ubuntu-LightItalic.ttf in Resources */,
				3FCA869D2713631000275A66 /* Preview Assets.xcassets in Resources */,
				3FCA86D4271367C200275A66 /* Ubuntu-Italic.ttf in Resources */,
				3FCA86D6271367C200275A66 /* UFL.txt in Resources */,
				3FAE88712720CF7A003EE8BD /* Gilroy-Medium.ttf in Resources */,
				3FCA86D1271367C200275A66 /* Ubuntu-Bold.ttf in Resources */,
				3FCA869A2713631000275A66 /* Assets.xcassets in Resources */,
				3FAE886F2720BA0D003EE8BD /* Gilroy-Semibold.ttf in Resources */,
				3FCA86D0271367C200275A66 /* Ubuntu-Regular.ttf in Resources */,
				3FAE886D2720B89A003EE8BD /* Gilroy-Light.otf in Resources */,
				3F537B6828705A25002D70CC /* Localizable.strings in Resources */,
				3FCA86CE271367C200275A66 /* Ubuntu-Medium.ttf in Resources */,
				3FAE886C2720B89A003EE8BD /* Gilroy-ExtraBold.otf in Resources */,
			);
			runOnlyForDeploymentPostprocessing = 0;
		};
		3FCA86A52713631000275A66 /* Resources */ = {
			isa = PBXResourcesBuildPhase;
			buildActionMask = 2147483647;
			files = (
			);
			runOnlyForDeploymentPostprocessing = 0;
		};
		3FCA86AF2713631100275A66 /* Resources */ = {
			isa = PBXResourcesBuildPhase;
			buildActionMask = 2147483647;
			files = (
			);
			runOnlyForDeploymentPostprocessing = 0;
		};
/* End PBXResourcesBuildPhase section */

/* Begin PBXSourcesBuildPhase section */
		3FCA868E2713630F00275A66 /* Sources */ = {
			isa = PBXSourcesBuildPhase;
			buildActionMask = 2147483647;
			files = (
				3F8DEB6F27A32BBF00436BD2 /* NetworkManager.swift in Sources */,
				3FD8BB9B28C42006000FB6D0 /* ChomageCellView.swift in Sources */,
				3F4FF08728DA6B770038A8D0 /* AdminPanelView.swift in Sources */,
				3FD8BBBA28C54455000FB6D0 /* CreateArticleView.swift in Sources */,
				3F537B6D28705A8D002D70CC /* Strings.swift in Sources */,
				3F5AFC93271EE1E00021C0DF /* TextButton.swift in Sources */,
				3FD8BB9928C41F16000FB6D0 /* ApprovalStatus.swift in Sources */,
				3F537B6F28705BBC002D70CC /* Strings+Localizable.swift in Sources */,
				3FBE7A0927B3177700D29FAA /* QuestionnaireView.swift in Sources */,
				3FA1E5F728CFCC76005A1BB3 /* CreateNewsArticleRequestBody.swift in Sources */,
				3FD8BB9228C41E54000FB6D0 /* UserInformationFieldViewModel.swift in Sources */,
				3FAE8873272193FD003EE8BD /* MainView.swift in Sources */,
				3F8101B428A72C5100257299 /* DatePickerView.swift in Sources */,
				3F537B63287044E6002D70CC /* RegularExpressionFactory.swift in Sources */,
				3F8101B228A7268900257299 /* AccountTabListFieldView.swift in Sources */,
				3FCA86DB27185D2500275A66 /* MainButton.swift in Sources */,
				3FAE8875272197AD003EE8BD /* ResetPasswordView.swift in Sources */,
				3FD8BB8E28C41A5C000FB6D0 /* NewsListViewModel.swift in Sources */,
				3FCA86DD2718677900275A66 /* OnboardingViewModel.swift in Sources */,
				3F3BC4C028673F40009BFAD7 /* KeychainServiceError.swift in Sources */,
				3F7ADC7127C2758700E4712C /* QuestionnaireResponse.swift in Sources */,
				3F7ADC7327C275DC00E4712C /* FormTextFieldViewModel.swift in Sources */,
				3FD8BB8C28C13996000FB6D0 /* CheckStatusView.swift in Sources */,
				3FD8BBBC28C6919D000FB6D0 /* ImportPhoto.swift in Sources */,
				3F537B8228706AC4002D70CC /* AccountViewModel.swift in Sources */,
				3FD8BB9628C41ED1000FB6D0 /* CheckStatusViewModel.swift in Sources */,
				3F7ADC7527C275F700E4712C /* QuestionnaireViewModel.swift in Sources */,
				3FCA86DF2718679B00275A66 /* TabSlideViewModel.swift in Sources */,
				3FCA86982713630F00275A66 /* OnboardingView.swift in Sources */,
				3F5AFC91271D991F0021C0DF /* CustomTextField.swift in Sources */,
				3FCA86E227186CC900275A66 /* RootView.swift in Sources */,
				3F537B5E28703969002D70CC /* FormValidatorService.swift in Sources */,
				3F537B7D28706A1B002D70CC /* UserServiceError.swift in Sources */,
				3FAE8877272197CE003EE8BD /* CreateAccountView.swift in Sources */,
				3F537B78287069DF002D70CC /* UserService.swift in Sources */,
				3FA5FAA2272A096100713EA8 /* RoundedButtonView.swift in Sources */,
				3FD8BB8A28C12F08000FB6D0 /* ArticleDetailsView.swift in Sources */,
				3FD8BB9028C41ADF000FB6D0 /* Article.swift in Sources */,
				3F7ADC7727C2763700E4712C /* QuestionnairesContainerViewModel.swift in Sources */,
				3F7ADC6F27C2756500E4712C /* QuestionnaireRequestBody.swift in Sources */,
				3F6379882774417A00273450 /* TabViewSlides.swift in Sources */,
				3FCA86E627186FA800275A66 /* UserDefaultsManager.swift in Sources */,
				3FCA86D927185CC200275A66 /* Color+Colors.swift in Sources */,
				3F3BC4BE28673823009BFAD7 /* KeychainTestView.swift in Sources */,
				3FCA86E427186CDF00275A66 /* RootViewModel.swift in Sources */,
				3FBE7A0B27B320D900D29FAA /* CustomSecureTextField.swift in Sources */,
				3FD8BB9428C41E80000FB6D0 /* UserProfilInformation.swift in Sources */,
				3FCA86E82718718800275A66 /* LoginView.swift in Sources */,
				3FD8BB8828C127F0000FB6D0 /* NewsListView.swift in Sources */,
				3F537B8428706DC7002D70CC /* ActivitiesTabView.swift in Sources */,
				3F537B7B28706A08002D70CC /* User.swift in Sources */,
				3F578F9A28672AC100B43AA9 /* KeychainService.swift in Sources */,
				3FBE7A0D27B46DDE00D29FAA /* AccountTabView.swift in Sources */,
				3FD8BBBE28C69254000FB6D0 /* ImagePickerView.swift in Sources */,
				3FCA86962713630F00275A66 /* ZeroChomageIESApp.swift in Sources */,
			);
			runOnlyForDeploymentPostprocessing = 0;
		};
		3FCA86A32713631000275A66 /* Sources */ = {
			isa = PBXSourcesBuildPhase;
			buildActionMask = 2147483647;
			files = (
				3F537B6028703A7C002D70CC /* FormValidatorServiceTests.swift in Sources */,
				3FCA86AC2713631100275A66 /* ZeroChomageIESTests.swift in Sources */,
			);
			runOnlyForDeploymentPostprocessing = 0;
		};
		3FCA86AD2713631100275A66 /* Sources */ = {
			isa = PBXSourcesBuildPhase;
			buildActionMask = 2147483647;
			files = (
				3FCA86B62713631100275A66 /* ZeroChomageIESUITests.swift in Sources */,
				3FCA86B82713631100275A66 /* ZeroChomageIESUITestsLaunchTests.swift in Sources */,
			);
			runOnlyForDeploymentPostprocessing = 0;
		};
/* End PBXSourcesBuildPhase section */

/* Begin PBXTargetDependency section */
		3FCA86A92713631000275A66 /* PBXTargetDependency */ = {
			isa = PBXTargetDependency;
			target = 3FCA86912713630F00275A66 /* ZeroChomageIES */;
			targetProxy = 3FCA86A82713631000275A66 /* PBXContainerItemProxy */;
		};
		3FCA86B32713631100275A66 /* PBXTargetDependency */ = {
			isa = PBXTargetDependency;
			target = 3FCA86912713630F00275A66 /* ZeroChomageIES */;
			targetProxy = 3FCA86B22713631100275A66 /* PBXContainerItemProxy */;
		};
/* End PBXTargetDependency section */

/* Begin PBXVariantGroup section */
		3F537B6A28705A25002D70CC /* Localizable.strings */ = {
			isa = PBXVariantGroup;
			children = (
				3F537B6928705A25002D70CC /* en */,
				3F537B6B28705A28002D70CC /* fr */,
			);
			name = Localizable.strings;
			sourceTree = "<group>";
		};
/* End PBXVariantGroup section */

/* Begin XCBuildConfiguration section */
		3FCA86B92713631100275A66 /* Debug */ = {
			isa = XCBuildConfiguration;
			buildSettings = {
				ALWAYS_SEARCH_USER_PATHS = NO;
				CLANG_ANALYZER_NONNULL = YES;
				CLANG_ANALYZER_NUMBER_OBJECT_CONVERSION = YES_AGGRESSIVE;
				CLANG_CXX_LANGUAGE_STANDARD = "gnu++17";
				CLANG_CXX_LIBRARY = "libc++";
				CLANG_ENABLE_MODULES = YES;
				CLANG_ENABLE_OBJC_ARC = YES;
				CLANG_ENABLE_OBJC_WEAK = YES;
				CLANG_WARN_BLOCK_CAPTURE_AUTORELEASING = YES;
				CLANG_WARN_BOOL_CONVERSION = YES;
				CLANG_WARN_COMMA = YES;
				CLANG_WARN_CONSTANT_CONVERSION = YES;
				CLANG_WARN_DEPRECATED_OBJC_IMPLEMENTATIONS = YES;
				CLANG_WARN_DIRECT_OBJC_ISA_USAGE = YES_ERROR;
				CLANG_WARN_DOCUMENTATION_COMMENTS = YES;
				CLANG_WARN_EMPTY_BODY = YES;
				CLANG_WARN_ENUM_CONVERSION = YES;
				CLANG_WARN_INFINITE_RECURSION = YES;
				CLANG_WARN_INT_CONVERSION = YES;
				CLANG_WARN_NON_LITERAL_NULL_CONVERSION = YES;
				CLANG_WARN_OBJC_IMPLICIT_RETAIN_SELF = YES;
				CLANG_WARN_OBJC_LITERAL_CONVERSION = YES;
				CLANG_WARN_OBJC_ROOT_CLASS = YES_ERROR;
				CLANG_WARN_QUOTED_INCLUDE_IN_FRAMEWORK_HEADER = YES;
				CLANG_WARN_RANGE_LOOP_ANALYSIS = YES;
				CLANG_WARN_STRICT_PROTOTYPES = YES;
				CLANG_WARN_SUSPICIOUS_MOVE = YES;
				CLANG_WARN_UNGUARDED_AVAILABILITY = YES_AGGRESSIVE;
				CLANG_WARN_UNREACHABLE_CODE = YES;
				CLANG_WARN__DUPLICATE_METHOD_MATCH = YES;
				COPY_PHASE_STRIP = NO;
				DEBUG_INFORMATION_FORMAT = dwarf;
				ENABLE_STRICT_OBJC_MSGSEND = YES;
				ENABLE_TESTABILITY = YES;
				GCC_C_LANGUAGE_STANDARD = gnu11;
				GCC_DYNAMIC_NO_PIC = NO;
				GCC_NO_COMMON_BLOCKS = YES;
				GCC_OPTIMIZATION_LEVEL = 0;
				GCC_PREPROCESSOR_DEFINITIONS = (
					"DEBUG=1",
					"$(inherited)",
				);
				GCC_WARN_64_TO_32_BIT_CONVERSION = YES;
				GCC_WARN_ABOUT_RETURN_TYPE = YES_ERROR;
				GCC_WARN_UNDECLARED_SELECTOR = YES;
				GCC_WARN_UNINITIALIZED_AUTOS = YES_AGGRESSIVE;
				GCC_WARN_UNUSED_FUNCTION = YES;
				GCC_WARN_UNUSED_VARIABLE = YES;
				IPHONEOS_DEPLOYMENT_TARGET = 15.0;
				MTL_ENABLE_DEBUG_INFO = INCLUDE_SOURCE;
				MTL_FAST_MATH = YES;
				ONLY_ACTIVE_ARCH = YES;
				SDKROOT = iphoneos;
				SWIFT_ACTIVE_COMPILATION_CONDITIONS = DEBUG;
				SWIFT_OPTIMIZATION_LEVEL = "-Onone";
			};
			name = Debug;
		};
		3FCA86BA2713631100275A66 /* Release */ = {
			isa = XCBuildConfiguration;
			buildSettings = {
				ALWAYS_SEARCH_USER_PATHS = NO;
				CLANG_ANALYZER_NONNULL = YES;
				CLANG_ANALYZER_NUMBER_OBJECT_CONVERSION = YES_AGGRESSIVE;
				CLANG_CXX_LANGUAGE_STANDARD = "gnu++17";
				CLANG_CXX_LIBRARY = "libc++";
				CLANG_ENABLE_MODULES = YES;
				CLANG_ENABLE_OBJC_ARC = YES;
				CLANG_ENABLE_OBJC_WEAK = YES;
				CLANG_WARN_BLOCK_CAPTURE_AUTORELEASING = YES;
				CLANG_WARN_BOOL_CONVERSION = YES;
				CLANG_WARN_COMMA = YES;
				CLANG_WARN_CONSTANT_CONVERSION = YES;
				CLANG_WARN_DEPRECATED_OBJC_IMPLEMENTATIONS = YES;
				CLANG_WARN_DIRECT_OBJC_ISA_USAGE = YES_ERROR;
				CLANG_WARN_DOCUMENTATION_COMMENTS = YES;
				CLANG_WARN_EMPTY_BODY = YES;
				CLANG_WARN_ENUM_CONVERSION = YES;
				CLANG_WARN_INFINITE_RECURSION = YES;
				CLANG_WARN_INT_CONVERSION = YES;
				CLANG_WARN_NON_LITERAL_NULL_CONVERSION = YES;
				CLANG_WARN_OBJC_IMPLICIT_RETAIN_SELF = YES;
				CLANG_WARN_OBJC_LITERAL_CONVERSION = YES;
				CLANG_WARN_OBJC_ROOT_CLASS = YES_ERROR;
				CLANG_WARN_QUOTED_INCLUDE_IN_FRAMEWORK_HEADER = YES;
				CLANG_WARN_RANGE_LOOP_ANALYSIS = YES;
				CLANG_WARN_STRICT_PROTOTYPES = YES;
				CLANG_WARN_SUSPICIOUS_MOVE = YES;
				CLANG_WARN_UNGUARDED_AVAILABILITY = YES_AGGRESSIVE;
				CLANG_WARN_UNREACHABLE_CODE = YES;
				CLANG_WARN__DUPLICATE_METHOD_MATCH = YES;
				COPY_PHASE_STRIP = NO;
				DEBUG_INFORMATION_FORMAT = "dwarf-with-dsym";
				ENABLE_NS_ASSERTIONS = NO;
				ENABLE_STRICT_OBJC_MSGSEND = YES;
				GCC_C_LANGUAGE_STANDARD = gnu11;
				GCC_NO_COMMON_BLOCKS = YES;
				GCC_WARN_64_TO_32_BIT_CONVERSION = YES;
				GCC_WARN_ABOUT_RETURN_TYPE = YES_ERROR;
				GCC_WARN_UNDECLARED_SELECTOR = YES;
				GCC_WARN_UNINITIALIZED_AUTOS = YES_AGGRESSIVE;
				GCC_WARN_UNUSED_FUNCTION = YES;
				GCC_WARN_UNUSED_VARIABLE = YES;
				IPHONEOS_DEPLOYMENT_TARGET = 15.0;
				MTL_ENABLE_DEBUG_INFO = NO;
				MTL_FAST_MATH = YES;
				SDKROOT = iphoneos;
				SWIFT_COMPILATION_MODE = wholemodule;
				SWIFT_OPTIMIZATION_LEVEL = "-O";
				VALIDATE_PRODUCT = YES;
			};
			name = Release;
		};
		3FCA86BC2713631100275A66 /* Debug */ = {
			isa = XCBuildConfiguration;
			buildSettings = {
				ASSETCATALOG_COMPILER_APPICON_NAME = AppIcon;
				ASSETCATALOG_COMPILER_GLOBAL_ACCENT_COLOR_NAME = AccentColor;
				CODE_SIGN_STYLE = Automatic;
				CURRENT_PROJECT_VERSION = 1;
				DEVELOPMENT_ASSET_PATHS = "\"ZeroChomageIES/Preview Content\"";
				DEVELOPMENT_TEAM = BAJKB9L735;
				ENABLE_PREVIEWS = YES;
				GENERATE_INFOPLIST_FILE = YES;
				INFOPLIST_FILE = ZeroChomageIES/Info.plist;
				INFOPLIST_KEY_UIApplicationSceneManifest_Generation = YES;
				INFOPLIST_KEY_UIApplicationSupportsIndirectInputEvents = YES;
				INFOPLIST_KEY_UILaunchScreen_Generation = YES;
				INFOPLIST_KEY_UISupportedInterfaceOrientations_iPad = "UIInterfaceOrientationPortrait UIInterfaceOrientationPortraitUpsideDown UIInterfaceOrientationLandscapeLeft UIInterfaceOrientationLandscapeRight";
				INFOPLIST_KEY_UISupportedInterfaceOrientations_iPhone = "UIInterfaceOrientationPortrait UIInterfaceOrientationLandscapeLeft UIInterfaceOrientationLandscapeRight";
				IPHONEOS_DEPLOYMENT_TARGET = 15.0;
				LD_RUNPATH_SEARCH_PATHS = (
					"$(inherited)",
					"@executable_path/Frameworks",
				);
				MARKETING_VERSION = 1.0;
				PRODUCT_BUNDLE_IDENTIFIER = com.saddam.ZeroChomageIES;
				PRODUCT_NAME = "$(TARGET_NAME)";
				SWIFT_EMIT_LOC_STRINGS = YES;
				SWIFT_VERSION = 5.0;
				TARGETED_DEVICE_FAMILY = 1;
			};
			name = Debug;
		};
		3FCA86BD2713631100275A66 /* Release */ = {
			isa = XCBuildConfiguration;
			buildSettings = {
				ASSETCATALOG_COMPILER_APPICON_NAME = AppIcon;
				ASSETCATALOG_COMPILER_GLOBAL_ACCENT_COLOR_NAME = AccentColor;
				CODE_SIGN_STYLE = Automatic;
				CURRENT_PROJECT_VERSION = 1;
				DEVELOPMENT_ASSET_PATHS = "\"ZeroChomageIES/Preview Content\"";
				DEVELOPMENT_TEAM = BAJKB9L735;
				ENABLE_PREVIEWS = YES;
				GENERATE_INFOPLIST_FILE = YES;
				INFOPLIST_FILE = ZeroChomageIES/Info.plist;
				INFOPLIST_KEY_UIApplicationSceneManifest_Generation = YES;
				INFOPLIST_KEY_UIApplicationSupportsIndirectInputEvents = YES;
				INFOPLIST_KEY_UILaunchScreen_Generation = YES;
				INFOPLIST_KEY_UISupportedInterfaceOrientations_iPad = "UIInterfaceOrientationPortrait UIInterfaceOrientationPortraitUpsideDown UIInterfaceOrientationLandscapeLeft UIInterfaceOrientationLandscapeRight";
				INFOPLIST_KEY_UISupportedInterfaceOrientations_iPhone = "UIInterfaceOrientationPortrait UIInterfaceOrientationLandscapeLeft UIInterfaceOrientationLandscapeRight";
				IPHONEOS_DEPLOYMENT_TARGET = 15.0;
				LD_RUNPATH_SEARCH_PATHS = (
					"$(inherited)",
					"@executable_path/Frameworks",
				);
				MARKETING_VERSION = 1.0;
				PRODUCT_BUNDLE_IDENTIFIER = com.saddam.ZeroChomageIES;
				PRODUCT_NAME = "$(TARGET_NAME)";
				SWIFT_EMIT_LOC_STRINGS = YES;
				SWIFT_VERSION = 5.0;
				TARGETED_DEVICE_FAMILY = 1;
			};
			name = Release;
		};
		3FCA86BF2713631100275A66 /* Debug */ = {
			isa = XCBuildConfiguration;
			buildSettings = {
				ALWAYS_EMBED_SWIFT_STANDARD_LIBRARIES = YES;
				BUNDLE_LOADER = "$(TEST_HOST)";
				CODE_SIGN_STYLE = Automatic;
				CURRENT_PROJECT_VERSION = 1;
				DEVELOPMENT_TEAM = BAJKB9L735;
				GENERATE_INFOPLIST_FILE = YES;
				IPHONEOS_DEPLOYMENT_TARGET = 15.0;
				LD_RUNPATH_SEARCH_PATHS = (
					"$(inherited)",
					"@executable_path/Frameworks",
					"@loader_path/Frameworks",
				);
				MARKETING_VERSION = 1.0;
				PRODUCT_BUNDLE_IDENTIFIER = com.saddam.ZeroChomageIESTests;
				PRODUCT_NAME = "$(TARGET_NAME)";
				SWIFT_EMIT_LOC_STRINGS = NO;
				SWIFT_VERSION = 5.0;
				TARGETED_DEVICE_FAMILY = "1,2";
				TEST_HOST = "$(BUILT_PRODUCTS_DIR)/ZeroChomageIES.app/ZeroChomageIES";
			};
			name = Debug;
		};
		3FCA86C02713631100275A66 /* Release */ = {
			isa = XCBuildConfiguration;
			buildSettings = {
				ALWAYS_EMBED_SWIFT_STANDARD_LIBRARIES = YES;
				BUNDLE_LOADER = "$(TEST_HOST)";
				CODE_SIGN_STYLE = Automatic;
				CURRENT_PROJECT_VERSION = 1;
				DEVELOPMENT_TEAM = BAJKB9L735;
				GENERATE_INFOPLIST_FILE = YES;
				IPHONEOS_DEPLOYMENT_TARGET = 15.0;
				LD_RUNPATH_SEARCH_PATHS = (
					"$(inherited)",
					"@executable_path/Frameworks",
					"@loader_path/Frameworks",
				);
				MARKETING_VERSION = 1.0;
				PRODUCT_BUNDLE_IDENTIFIER = com.saddam.ZeroChomageIESTests;
				PRODUCT_NAME = "$(TARGET_NAME)";
				SWIFT_EMIT_LOC_STRINGS = NO;
				SWIFT_VERSION = 5.0;
				TARGETED_DEVICE_FAMILY = "1,2";
				TEST_HOST = "$(BUILT_PRODUCTS_DIR)/ZeroChomageIES.app/ZeroChomageIES";
			};
			name = Release;
		};
		3FCA86C22713631100275A66 /* Debug */ = {
			isa = XCBuildConfiguration;
			buildSettings = {
				ALWAYS_EMBED_SWIFT_STANDARD_LIBRARIES = YES;
				CODE_SIGN_STYLE = Automatic;
				CURRENT_PROJECT_VERSION = 1;
				DEVELOPMENT_TEAM = BAJKB9L735;
				GENERATE_INFOPLIST_FILE = YES;
				LD_RUNPATH_SEARCH_PATHS = (
					"$(inherited)",
					"@executable_path/Frameworks",
					"@loader_path/Frameworks",
				);
				MARKETING_VERSION = 1.0;
				PRODUCT_BUNDLE_IDENTIFIER = com.saddam.ZeroChomageIESUITests;
				PRODUCT_NAME = "$(TARGET_NAME)";
				SWIFT_EMIT_LOC_STRINGS = NO;
				SWIFT_VERSION = 5.0;
				TARGETED_DEVICE_FAMILY = "1,2";
				TEST_TARGET_NAME = ZeroChomageIES;
			};
			name = Debug;
		};
		3FCA86C32713631100275A66 /* Release */ = {
			isa = XCBuildConfiguration;
			buildSettings = {
				ALWAYS_EMBED_SWIFT_STANDARD_LIBRARIES = YES;
				CODE_SIGN_STYLE = Automatic;
				CURRENT_PROJECT_VERSION = 1;
				DEVELOPMENT_TEAM = BAJKB9L735;
				GENERATE_INFOPLIST_FILE = YES;
				LD_RUNPATH_SEARCH_PATHS = (
					"$(inherited)",
					"@executable_path/Frameworks",
					"@loader_path/Frameworks",
				);
				MARKETING_VERSION = 1.0;
				PRODUCT_BUNDLE_IDENTIFIER = com.saddam.ZeroChomageIESUITests;
				PRODUCT_NAME = "$(TARGET_NAME)";
				SWIFT_EMIT_LOC_STRINGS = NO;
				SWIFT_VERSION = 5.0;
				TARGETED_DEVICE_FAMILY = "1,2";
				TEST_TARGET_NAME = ZeroChomageIES;
			};
			name = Release;
		};
/* End XCBuildConfiguration section */

/* Begin XCConfigurationList section */
		3FCA868D2713630F00275A66 /* Build configuration list for PBXProject "ZeroChomageIES" */ = {
			isa = XCConfigurationList;
			buildConfigurations = (
				3FCA86B92713631100275A66 /* Debug */,
				3FCA86BA2713631100275A66 /* Release */,
			);
			defaultConfigurationIsVisible = 0;
			defaultConfigurationName = Release;
		};
		3FCA86BB2713631100275A66 /* Build configuration list for PBXNativeTarget "ZeroChomageIES" */ = {
			isa = XCConfigurationList;
			buildConfigurations = (
				3FCA86BC2713631100275A66 /* Debug */,
				3FCA86BD2713631100275A66 /* Release */,
			);
			defaultConfigurationIsVisible = 0;
			defaultConfigurationName = Release;
		};
		3FCA86BE2713631100275A66 /* Build configuration list for PBXNativeTarget "ZeroChomageIESTests" */ = {
			isa = XCConfigurationList;
			buildConfigurations = (
				3FCA86BF2713631100275A66 /* Debug */,
				3FCA86C02713631100275A66 /* Release */,
			);
			defaultConfigurationIsVisible = 0;
			defaultConfigurationName = Release;
		};
		3FCA86C12713631100275A66 /* Build configuration list for PBXNativeTarget "ZeroChomageIESUITests" */ = {
			isa = XCConfigurationList;
			buildConfigurations = (
				3FCA86C22713631100275A66 /* Debug */,
				3FCA86C32713631100275A66 /* Release */,
			);
			defaultConfigurationIsVisible = 0;
			defaultConfigurationName = Release;
		};
/* End XCConfigurationList section */

/* Begin XCRemoteSwiftPackageReference section */
		3F8DEB6B27A32B8B00436BD2 /* XCRemoteSwiftPackageReference "ZeroChomageWebShared" */ = {
			isa = XCRemoteSwiftPackageReference;
			repositoryURL = "https://github.com/vayset/ZeroChomageWebShared.git";
			requirement = {
				branch = main;
				kind = branch;
			};
		};
/* End XCRemoteSwiftPackageReference section */

/* Begin XCSwiftPackageProductDependency section */
		3F8DEB6C27A32B8B00436BD2 /* ZeroChomageWebShared */ = {
			isa = XCSwiftPackageProductDependency;
			package = 3F8DEB6B27A32B8B00436BD2 /* XCRemoteSwiftPackageReference "ZeroChomageWebShared" */;
			productName = ZeroChomageWebShared;
		};
/* End XCSwiftPackageProductDependency section */
	};
	rootObject = 3FCA868A2713630F00275A66 /* Project object */;
}
